{
  "version": 4,
  "terraform_version": "1.3.3",
  "serial": 16,
  "lineage": "a1de30ad-6d38-743f-0294-f40670905144",
  "outputs": {},
  "resources": [
    {
      "mode": "managed",
      "type": "openstack_compute_instance_v2",
      "name": "demo_instance",
      "provider": "provider[\"registry.terraform.io/terraform-provider-openstack/openstack\"]",
      "instances": [
        {
          "index_key": 0,
          "schema_version": 0,
          "attributes": {
            "access_ip_v4": "192.168.233.111",
            "access_ip_v6": "",
            "admin_pass": null,
            "all_metadata": {},
            "all_tags": [],
            "availability_zone": "nova",
            "availability_zone_hints": null,
            "block_device": [],
            "config_drive": null,
            "flavor_id": "c1",
            "flavor_name": "cirros256",
            "floating_ip": null,
            "force_delete": false,
            "id": "a16ecb61-02a6-4cbc-aa20-cbc4bb6f5ac2",
            "image_id": "21046c0f-e924-4a18-89e1-0bbe8cd3ca6e",
            "image_name": "cirros-0.5.2-x86_64-disk",
            "key_pair": "my-key",
            "metadata": null,
            "name": "demo-instance",
            "network": [
              {
                "access_network": false,
                "fixed_ip_v4": "192.168.233.111",
                "fixed_ip_v6": "",
                "floating_ip": "",
                "mac": "fa:16:3e:4d:58:d9",
                "name": "shared",
                "port": "",
                "uuid": "c3b7dc21-4ddf-4f29-bec1-67a2fabfc696"
              }
            ],
            "network_mode": null,
            "personality": [],
            "power_state": "active",
            "region": "RegionOne",
            "scheduler_hints": [],
            "security_groups": [
              "default"
            ],
            "stop_before_destroy": false,
            "tags": [],
            "timeouts": null,
            "user_data": null,
            "vendor_options": [],
            "volume": []
          },
          "sensitive_attributes": [],
          "private": "eyJlMmJmYjczMC1lY2FhLTExZTYtOGY4OC0zNDM2M2JjN2M0YzAiOnsiY3JlYXRlIjoxODAwMDAwMDAwMDAwLCJkZWxldGUiOjE4MDAwMDAwMDAwMDAsInVwZGF0ZSI6MTgwMDAwMDAwMDAwMH19"
        },
        {
          "index_key": 1,
          "schema_version": 0,
          "attributes": {
            "access_ip_v4": "192.168.233.146",
            "access_ip_v6": "",
            "admin_pass": null,
            "all_metadata": {},
            "all_tags": [],
            "availability_zone": "nova",
            "availability_zone_hints": null,
            "block_device": [],
            "config_drive": null,
            "flavor_id": "c1",
            "flavor_name": "cirros256",
            "floating_ip": null,
            "force_delete": false,
            "id": "549845e9-3c44-4a6c-9626-f1f3d18597ca",
            "image_id": "21046c0f-e924-4a18-89e1-0bbe8cd3ca6e",
            "image_name": "cirros-0.5.2-x86_64-disk",
            "key_pair": "my-key",
            "metadata": null,
            "name": "demo-instance",
            "network": [
              {
                "access_network": false,
                "fixed_ip_v4": "192.168.233.146",
                "fixed_ip_v6": "",
                "floating_ip": "",
                "mac": "fa:16:3e:60:50:ae",
                "name": "shared",
                "port": "",
                "uuid": "c3b7dc21-4ddf-4f29-bec1-67a2fabfc696"
              }
            ],
            "network_mode": null,
            "personality": [],
            "power_state": "active",
            "region": "RegionOne",
            "scheduler_hints": [],
            "security_groups": [
              "default"
            ],
            "stop_before_destroy": false,
            "tags": null,
            "timeouts": null,
            "user_data": null,
            "vendor_options": [],
            "volume": []
          },
          "sensitive_attributes": [],
          "private": "eyJlMmJmYjczMC1lY2FhLTExZTYtOGY4OC0zNDM2M2JjN2M0YzAiOnsiY3JlYXRlIjoxODAwMDAwMDAwMDAwLCJkZWxldGUiOjE4MDAwMDAwMDAwMDAsInVwZGF0ZSI6MTgwMDAwMDAwMDAwMH19"
        }
      ]
    },
    {
      "mode": "managed",
      "type": "openstack_compute_keypair_v2",
      "name": "my-cloud-key",
      "provider": "provider[\"registry.terraform.io/terraform-provider-openstack/openstack\"]",
      "instances": [
        {
          "schema_version": 0,
          "attributes": {
            "fingerprint": "3c:d2:da:6f:46:f0:a5:f5:f9:71:14:e6:a9:f7:61:37",
            "id": "my-key",
            "name": "my-key",
            "private_key": "",
            "public_key": "ssh-rsa AAAAB3NzaC1yc2EAAAADAQABAAABgQDNxevbhQc0E9OEowsbcLowIP6uzld9gQSccU0bdkxijTZrYu1RSg46Iaj1amOzbrYDjy1ql/rpl2xgmXSl/zkMqm82bbt7ZiOcYflGgYQM56BIpQdBekJEZvSMyeVud5U1MTE0PW814toAhwpbh3O01sn0L+k0UST1O/rOCucWQAShMeUQSH94N6AP66ydKhPG6nLhQmaGM1OS3BJztkBUkSmdYkX8nkjyckwpccX8j7hTSFrnY7akP6p2ryJmOqq/EbTUPj2UY0g2RxWlYdYIP2cfMo3tIZA4cWpc0T/5U/MAv23d2sBnHffS5atSu4Km7e71+upDIPIf6qnn1YRsFCEaDs1Ek+Z2L4gMpiqbFMxSwMP6/s+hZ5BJqtcyTXFYOFFuPK37DylFhbYZHb2twrm3mz5ZXXbnqEURHV3ect8tfJMffXVSRWQUBEHpzUmv8G9KDGW+rDGOjyvUgwN0+AC2tUfcTgWEL0Bm0/WVMV7wc68BqaKs3R8jcKEDha0= partha@parthaofficelp",
            "region": "RegionOne",
            "user_id": "",
            "value_specs": null
          },
          "sensitive_attributes": [],
          "private": "bnVsbA=="
        }
      ]
    }
  ],
  "check_results": []
}
