{
  "version": 4,
  "terraform_version": "1.8.3",
  "serial": 6,
  "lineage": "418efc11-765d-0a0c-63ee-59acb093a2ab",
  "outputs": {},
  "resources": [
    {
      "mode": "managed",
      "type": "local_file",
      "name": "name",
      "provider": "provider[\"registry.terraform.io/hashicorp/local\"]",
      "instances": [
        {
          "schema_version": 0,
          "attributes": {
            "content": "HI, this is partha speeking!",
            "content_base64": null,
            "directory_permission": "0777",
            "file_permission": "0777",
            "filename": "/tmp/partha.txt",
            "id": "f5e5e27a0654f1745628f20ec25b947bfb6e8cc6",
            "sensitive_content": null,
            "source": null
          },
          "sensitive_attributes": [
            [
              {
                "type": "get_attr",
                "value": "sensitive_content"
              }
            ]
          ]
        }
      ]
    },
    {
      "mode": "managed",
      "type": "local_file",
      "name": "pet",
      "provider": "provider[\"registry.terraform.io/hashicorp/local\"]",
      "instances": [
        {
          "schema_version": 0,
          "attributes": {
            "content": "We all love pets, specially dogs",
            "content_base64": null,
            "directory_permission": "0777",
            "file_permission": "755",
            "filename": "/tmp/pets.txt",
            "id": "bc56cc6c0ed17d179299f5a62935d218c46c975c",
            "sensitive_content": null,
            "source": null
          },
          "sensitive_attributes": [
            [
              {
                "type": "get_attr",
                "value": "sensitive_content"
              }
            ]
          ]
        }
      ]
    },
    {
      "mode": "managed",
      "type": "local_sensitive_file",
      "name": "sensitive_file",
      "provider": "provider[\"registry.terraform.io/hashicorp/local\"]",
      "instances": [
        {
          "schema_version": 0,
          "attributes": {
            "content": "this is a secret file",
            "content_base64": null,
            "directory_permission": "0700",
            "file_permission": "755",
            "filename": "/tmp/sensitive.txt",
            "id": "971fa64c0d82ba0b7d490f4e21a548c62553dbe1",
            "source": null
          },
          "sensitive_attributes": [
            [
              {
                "type": "get_attr",
                "value": "content_base64"
              }
            ],
            [
              {
                "type": "get_attr",
                "value": "content"
              }
            ]
          ]
        }
      ]
    }
  ],
  "check_results": null
}
