{
  "version": 4,
  "terraform_version": "1.3.9",
  "serial": 1,
  "lineage": "418efc11-765d-0a0c-63ee-59acb093a2ab",
  "outputs": {},
  "resources": [
    {
      "mode": "managed",
      "type": "local_file",
      "name": "pet",
      "provider": "provider[\"registry.terraform.io/hashicorp/local\"]",
      "instances": [
        {
          "schema_version": 0,
          "attributes": {
            "content": "We all love pets, specially dogs",
            "content_base64": null,
            "directory_permission": "0777",
            "file_permission": "755",
            "filename": "/tmp/pets.txt",
            "id": "bc56cc6c0ed17d179299f5a62935d218c46c975c",
            "sensitive_content": null,
            "source": null
          },
          "sensitive_attributes": []
        }
      ]
    },
    {
      "mode": "managed",
      "type": "local_sensitive_file",
      "name": "sensitive_file",
      "provider": "provider[\"registry.terraform.io/hashicorp/local\"]",
      "instances": [
        {
          "schema_version": 0,
          "attributes": {
            "content": "this is a secret file",
            "content_base64": null,
            "directory_permission": "0700",
            "file_permission": "755",
            "filename": "/tmp/sensitive.txt",
            "id": "971fa64c0d82ba0b7d490f4e21a548c62553dbe1",
            "source": null
          },
          "sensitive_attributes": []
        }
      ]
    }
  ],
  "check_results": null
}
